// !$*UTF8*$!
{
	archiveVersion = 1;
	classes = {
	};
	objectVersion = 46;
	objects = {

/* Begin PBXBuildFile section */
		88FAEDF81DBBF2DB00A7D584 /* AppDelegate.swift in Sources */ = {isa = PBXBuildFile; fileRef = 88FAEDF71DBBF2DB00A7D584 /* AppDelegate.swift */; };
		88FAEDFA1DBBF2DB00A7D584 /* ViewController.swift in Sources */ = {isa = PBXBuildFile; fileRef = 88FAEDF91DBBF2DB00A7D584 /* ViewController.swift */; };
		88FAEDFD1DBBF2DB00A7D584 /* Main.storyboard in Resources */ = {isa = PBXBuildFile; fileRef = 88FAEDFB1DBBF2DB00A7D584 /* Main.storyboard */; };
		88FAEDFF1DBBF2DB00A7D584 /* Assets.xcassets in Resources */ = {isa = PBXBuildFile; fileRef = 88FAEDFE1DBBF2DB00A7D584 /* Assets.xcassets */; };
		88FAEE021DBBF2DB00A7D584 /* LaunchScreen.storyboard in Resources */ = {isa = PBXBuildFile; fileRef = 88FAEE001DBBF2DB00A7D584 /* LaunchScreen.storyboard */; };
		88FAEE0A1DBC13FC00A7D584 /* DLJob.swift in Sources */ = {isa = PBXBuildFile; fileRef = 88FAEE091DBC13FC00A7D584 /* DLJob.swift */; };
		88FAEE0C1DBC276200A7D584 /* Constants.swift in Sources */ = {isa = PBXBuildFile; fileRef = 88FAEE0B1DBC276200A7D584 /* Constants.swift */; };
		88FAEE0E1DBC2F3000A7D584 /* DataService.swift in Sources */ = {isa = PBXBuildFile; fileRef = 88FAEE0D1DBC2F3000A7D584 /* DataService.swift */; };
		88FAEE101DBC35AE00A7D584 /* NewJob.swift in Sources */ = {isa = PBXBuildFile; fileRef = 88FAEE0F1DBC35AE00A7D584 /* NewJob.swift */; };
		88FAEE121DBC3E8600A7D584 /* ListingVC.swift in Sources */ = {isa = PBXBuildFile; fileRef = 88FAEE111DBC3E8600A7D584 /* ListingVC.swift */; };
		88FAEE141DBC401100A7D584 /* ListCell.swift in Sources */ = {isa = PBXBuildFile; fileRef = 88FAEE131DBC401100A7D584 /* ListCell.swift */; };
		88FAEE161DBC574C00A7D584 /* WebVC.swift in Sources */ = {isa = PBXBuildFile; fileRef = 88FAEE151DBC574C00A7D584 /* WebVC.swift */; };
		88FAEE181DBD1C5A00A7D584 /* MapVC.swift in Sources */ = {isa = PBXBuildFile; fileRef = 88FAEE171DBD1C5A00A7D584 /* MapVC.swift */; };
		D65857F7DD0C9FF8BBA93221 /* Pods_McKinseyHACKS.framework in Frameworks */ = {isa = PBXBuildFile; fileRef = AC867ABEE26AABCB201F56C2 /* Pods_McKinseyHACKS.framework */; };
/* End PBXBuildFile section */

/* Begin PBXFileReference section */
		15BA20B320AB6BE7B2991694 /* Pods-McKinseyHACKS.release.xcconfig */ = {isa = PBXFileReference; includeInIndex = 1; lastKnownFileType = text.xcconfig; name = "Pods-McKinseyHACKS.release.xcconfig"; path = "Pods/Target Support Files/Pods-McKinseyHACKS/Pods-McKinseyHACKS.release.xcconfig"; sourceTree = "<group>"; };
		88FAEDF41DBBF2DB00A7D584 /* McKinseyHACKS.app */ = {isa = PBXFileReference; explicitFileType = wrapper.application; includeInIndex = 0; path = McKinseyHACKS.app; sourceTree = BUILT_PRODUCTS_DIR; };
		88FAEDF71DBBF2DB00A7D584 /* AppDelegate.swift */ = {isa = PBXFileReference; lastKnownFileType = sourcecode.swift; path = AppDelegate.swift; sourceTree = "<group>"; };
		88FAEDF91DBBF2DB00A7D584 /* ViewController.swift */ = {isa = PBXFileReference; lastKnownFileType = sourcecode.swift; path = ViewController.swift; sourceTree = "<group>"; };
		88FAEDFC1DBBF2DB00A7D584 /* Base */ = {isa = PBXFileReference; lastKnownFileType = file.storyboard; name = Base; path = Base.lproj/Main.storyboard; sourceTree = "<group>"; };
		88FAEDFE1DBBF2DB00A7D584 /* Assets.xcassets */ = {isa = PBXFileReference; lastKnownFileType = folder.assetcatalog; path = Assets.xcassets; sourceTree = "<group>"; };
		88FAEE011DBBF2DB00A7D584 /* Base */ = {isa = PBXFileReference; lastKnownFileType = file.storyboard; name = Base; path = Base.lproj/LaunchScreen.storyboard; sourceTree = "<group>"; };
		88FAEE031DBBF2DB00A7D584 /* Info.plist */ = {isa = PBXFileReference; lastKnownFileType = text.plist.xml; path = Info.plist; sourceTree = "<group>"; };
		88FAEE091DBC13FC00A7D584 /* DLJob.swift */ = {isa = PBXFileReference; fileEncoding = 4; lastKnownFileType = sourcecode.swift; path = DLJob.swift; sourceTree = "<group>"; };
		88FAEE0B1DBC276200A7D584 /* Constants.swift */ = {isa = PBXFileReference; fileEncoding = 4; lastKnownFileType = sourcecode.swift; path = Constants.swift; sourceTree = "<group>"; };
		88FAEE0D1DBC2F3000A7D584 /* DataService.swift */ = {isa = PBXFileReference; fileEncoding = 4; lastKnownFileType = sourcecode.swift; path = DataService.swift; sourceTree = "<group>"; };
		88FAEE0F1DBC35AE00A7D584 /* NewJob.swift */ = {isa = PBXFileReference; fileEncoding = 4; lastKnownFileType = sourcecode.swift; path = NewJob.swift; sourceTree = "<group>"; };
		88FAEE111DBC3E8600A7D584 /* ListingVC.swift */ = {isa = PBXFileReference; fileEncoding = 4; lastKnownFileType = sourcecode.swift; path = ListingVC.swift; sourceTree = "<group>"; };
		88FAEE131DBC401100A7D584 /* ListCell.swift */ = {isa = PBXFileReference; fileEncoding = 4; lastKnownFileType = sourcecode.swift; path = ListCell.swift; sourceTree = "<group>"; };
		88FAEE151DBC574C00A7D584 /* WebVC.swift */ = {isa = PBXFileReference; fileEncoding = 4; lastKnownFileType = sourcecode.swift; path = WebVC.swift; sourceTree = "<group>"; };
		88FAEE171DBD1C5A00A7D584 /* MapVC.swift */ = {isa = PBXFileReference; fileEncoding = 4; lastKnownFileType = sourcecode.swift; path = MapVC.swift; sourceTree = "<group>"; };
		8C481530E1E73C4D802C0558 /* Pods-McKinseyHACKS.debug.xcconfig */ = {isa = PBXFileReference; includeInIndex = 1; lastKnownFileType = text.xcconfig; name = "Pods-McKinseyHACKS.debug.xcconfig"; path = "Pods/Target Support Files/Pods-McKinseyHACKS/Pods-McKinseyHACKS.debug.xcconfig"; sourceTree = "<group>"; };
		AC867ABEE26AABCB201F56C2 /* Pods_McKinseyHACKS.framework */ = {isa = PBXFileReference; explicitFileType = wrapper.framework; includeInIndex = 0; path = Pods_McKinseyHACKS.framework; sourceTree = BUILT_PRODUCTS_DIR; };
/* End PBXFileReference section */

/* Begin PBXFrameworksBuildPhase section */
		88FAEDF11DBBF2DB00A7D584 /* Frameworks */ = {
			isa = PBXFrameworksBuildPhase;
			buildActionMask = 2147483647;
			files = (
				D65857F7DD0C9FF8BBA93221 /* Pods_McKinseyHACKS.framework in Frameworks */,
			);
			runOnlyForDeploymentPostprocessing = 0;
		};
/* End PBXFrameworksBuildPhase section */

/* Begin PBXGroup section */
		07407F0F1A7F73DDC254B327 /* Frameworks */ = {
			isa = PBXGroup;
			children = (
				AC867ABEE26AABCB201F56C2 /* Pods_McKinseyHACKS.framework */,
			);
			name = Frameworks;
			sourceTree = "<group>";
		};
		88FAEDEB1DBBF2DB00A7D584 = {
			isa = PBXGroup;
			children = (
				88FAEDF61DBBF2DB00A7D584 /* McKinseyHACKS */,
				88FAEDF51DBBF2DB00A7D584 /* Products */,
				CB3D4BDCE464EA4E194D973D /* Pods */,
				07407F0F1A7F73DDC254B327 /* Frameworks */,
			);
			sourceTree = "<group>";
		};
		88FAEDF51DBBF2DB00A7D584 /* Products */ = {
			isa = PBXGroup;
			children = (
				88FAEDF41DBBF2DB00A7D584 /* McKinseyHACKS.app */,
			);
			name = Products;
			sourceTree = "<group>";
		};
		88FAEDF61DBBF2DB00A7D584 /* McKinseyHACKS */ = {
			isa = PBXGroup;
			children = (
				88FAEDF71DBBF2DB00A7D584 /* AppDelegate.swift */,
				88FAEDF91DBBF2DB00A7D584 /* ViewController.swift */,
				88FAEDFB1DBBF2DB00A7D584 /* Main.storyboard */,
				88FAEDFE1DBBF2DB00A7D584 /* Assets.xcassets */,
				88FAEE001DBBF2DB00A7D584 /* LaunchScreen.storyboard */,
				88FAEE031DBBF2DB00A7D584 /* Info.plist */,
				88FAEE0B1DBC276200A7D584 /* Constants.swift */,
				88FAEE0D1DBC2F3000A7D584 /* DataService.swift */,
				88FAEE0F1DBC35AE00A7D584 /* NewJob.swift */,
				88FAEE091DBC13FC00A7D584 /* DLJob.swift */,
				88FAEE111DBC3E8600A7D584 /* ListingVC.swift */,
				88FAEE131DBC401100A7D584 /* ListCell.swift */,
				88FAEE151DBC574C00A7D584 /* WebVC.swift */,
				88FAEE171DBD1C5A00A7D584 /* MapVC.swift */,
			);
			path = McKinseyHACKS;
			sourceTree = "<group>";
		};
		CB3D4BDCE464EA4E194D973D /* Pods */ = {
			isa = PBXGroup;
			children = (
				8C481530E1E73C4D802C0558 /* Pods-McKinseyHACKS.debug.xcconfig */,
				15BA20B320AB6BE7B2991694 /* Pods-McKinseyHACKS.release.xcconfig */,
			);
			name = Pods;
			sourceTree = "<group>";
		};
/* End PBXGroup section */

/* Begin PBXNativeTarget section */
		88FAEDF31DBBF2DB00A7D584 /* McKinseyHACKS */ = {
			isa = PBXNativeTarget;
			buildConfigurationList = 88FAEE061DBBF2DB00A7D584 /* Build configuration list for PBXNativeTarget "McKinseyHACKS" */;
			buildPhases = (
				CA6DEC6E76DCC53AF6586C7F /* [CP] Check Pods Manifest.lock */,
				88FAEDF01DBBF2DB00A7D584 /* Sources */,
				88FAEDF11DBBF2DB00A7D584 /* Frameworks */,
				88FAEDF21DBBF2DB00A7D584 /* Resources */,
				0DEEA1A62C0CB8F7BCCF46E7 /* [CP] Embed Pods Frameworks */,
				72F0B9628355A9FC56624379 /* [CP] Copy Pods Resources */,
			);
			buildRules = (
			);
			dependencies = (
			);
			name = McKinseyHACKS;
			productName = McKinseyHACKS;
			productReference = 88FAEDF41DBBF2DB00A7D584 /* McKinseyHACKS.app */;
			productType = "com.apple.product-type.application";
		};
/* End PBXNativeTarget section */

/* Begin PBXProject section */
		88FAEDEC1DBBF2DB00A7D584 /* Project object */ = {
			isa = PBXProject;
			attributes = {
				LastSwiftUpdateCheck = 0730;
				LastUpgradeCheck = 0730;
				ORGANIZATIONNAME = "Jason Piao";
				TargetAttributes = {
					88FAEDF31DBBF2DB00A7D584 = {
						CreatedOnToolsVersion = 7.3.1;
						DevelopmentTeam = S4TK3577L4;
					};
				};
			};
			buildConfigurationList = 88FAEDEF1DBBF2DB00A7D584 /* Build configuration list for PBXProject "McKinseyHACKS" */;
			compatibilityVersion = "Xcode 3.2";
			developmentRegion = English;
			hasScannedForEncodings = 0;
			knownRegions = (
				en,
				Base,
			);
			mainGroup = 88FAEDEB1DBBF2DB00A7D584;
			productRefGroup = 88FAEDF51DBBF2DB00A7D584 /* Products */;
			projectDirPath = "";
			projectRoot = "";
			targets = (
				88FAEDF31DBBF2DB00A7D584 /* McKinseyHACKS */,
			);
		};
/* End PBXProject section */

/* Begin PBXResourcesBuildPhase section */
		88FAEDF21DBBF2DB00A7D584 /* Resources */ = {
			isa = PBXResourcesBuildPhase;
			buildActionMask = 2147483647;
			files = (
				88FAEE021DBBF2DB00A7D584 /* LaunchScreen.storyboard in Resources */,
				88FAEDFF1DBBF2DB00A7D584 /* Assets.xcassets in Resources */,
				88FAEDFD1DBBF2DB00A7D584 /* Main.storyboard in Resources */,
			);
			runOnlyForDeploymentPostprocessing = 0;
		};
/* End PBXResourcesBuildPhase section */

/* Begin PBXShellScriptBuildPhase section */
		0DEEA1A62C0CB8F7BCCF46E7 /* [CP] Embed Pods Frameworks */ = {
			isa = PBXShellScriptBuildPhase;
			buildActionMask = 2147483647;
			files = (
			);
			inputPaths = (
			);
			name = "[CP] Embed Pods Frameworks";
			outputPaths = (
			);
			runOnlyForDeploymentPostprocessing = 0;
			shellPath = /bin/sh;
			shellScript = "\"${SRCROOT}/Pods/Target Support Files/Pods-McKinseyHACKS/Pods-McKinseyHACKS-frameworks.sh\"\n";
			showEnvVarsInLog = 0;
		};
		72F0B9628355A9FC56624379 /* [CP] Copy Pods Resources */ = {
			isa = PBXShellScriptBuildPhase;
			buildActionMask = 2147483647;
			files = (
			);
			inputPaths = (
			);
			name = "[CP] Copy Pods Resources";
			outputPaths = (
			);
			runOnlyForDeploymentPostprocessing = 0;
			shellPath = /bin/sh;
			shellScript = "\"${SRCROOT}/Pods/Target Support Files/Pods-McKinseyHACKS/Pods-McKinseyHACKS-resources.sh\"\n";
			showEnvVarsInLog = 0;
		};
		CA6DEC6E76DCC53AF6586C7F /* [CP] Check Pods Manifest.lock */ = {
			isa = PBXShellScriptBuildPhase;
			buildActionMask = 2147483647;
			files = (
			);
			inputPaths = (
			);
			name = "[CP] Check Pods Manifest.lock";
			outputPaths = (
			);
			runOnlyForDeploymentPostprocessing = 0;
			shellPath = /bin/sh;
			shellScript = "diff \"${PODS_ROOT}/../Podfile.lock\" \"${PODS_ROOT}/Manifest.lock\" > /dev/null\nif [[ $? != 0 ]] ; then\n    cat << EOM\nerror: The sandbox is not in sync with the Podfile.lock. Run 'pod install' or update your CocoaPods installation.\nEOM\n    exit 1\nfi\n";
			showEnvVarsInLog = 0;
		};
/* End PBXShellScriptBuildPhase section */

/* Begin PBXSourcesBuildPhase section */
		88FAEDF01DBBF2DB00A7D584 /* Sources */ = {
			isa = PBXSourcesBuildPhase;
			buildActionMask = 2147483647;
			files = (
				88FAEE161DBC574C00A7D584 /* WebVC.swift in Sources */,
				88FAEDFA1DBBF2DB00A7D584 /* ViewController.swift in Sources */,
				88FAEE0A1DBC13FC00A7D584 /* DLJob.swift in Sources */,
				88FAEDF81DBBF2DB00A7D584 /* AppDelegate.swift in Sources */,
				88FAEE0C1DBC276200A7D584 /* Constants.swift in Sources */,
				88FAEE181DBD1C5A00A7D584 /* MapVC.swift in Sources */,
				88FAEE101DBC35AE00A7D584 /* NewJob.swift in Sources */,
				88FAEE141DBC401100A7D584 /* ListCell.swift in Sources */,
				88FAEE121DBC3E8600A7D584 /* ListingVC.swift in Sources */,
				88FAEE0E1DBC2F3000A7D584 /* DataService.swift in Sources */,
			);
			runOnlyForDeploymentPostprocessing = 0;
		};
/* End PBXSourcesBuildPhase section */

/* Begin PBXVariantGroup section */
		88FAEDFB1DBBF2DB00A7D584 /* Main.storyboard */ = {
			isa = PBXVariantGroup;
			children = (
				88FAEDFC1DBBF2DB00A7D584 /* Base */,
			);
			name = Main.storyboard;
			sourceTree = "<group>";
		};
		88FAEE001DBBF2DB00A7D584 /* LaunchScreen.storyboard */ = {
			isa = PBXVariantGroup;
			children = (
				88FAEE011DBBF2DB00A7D584 /* Base */,
			);
			name = LaunchScreen.storyboard;
			sourceTree = "<group>";
		};
/* End PBXVariantGroup section */

/* Begin XCBuildConfiguration section */
		88FAEE041DBBF2DB00A7D584 /* Debug */ = {
			isa = XCBuildConfiguration;
			buildSettings = {
				ALWAYS_SEARCH_USER_PATHS = NO;
				CLANG_ANALYZER_NONNULL = YES;
				CLANG_CXX_LANGUAGE_STANDARD = "gnu++0x";
				CLANG_CXX_LIBRARY = "libc++";
				CLANG_ENABLE_MODULES = YES;
				CLANG_ENABLE_OBJC_ARC = YES;
				CLANG_WARN_BOOL_CONVERSION = YES;
				CLANG_WARN_CONSTANT_CONVERSION = YES;
				CLANG_WARN_DIRECT_OBJC_ISA_USAGE = YES_ERROR;
				CLANG_WARN_EMPTY_BODY = YES;
				CLANG_WARN_ENUM_CONVERSION = YES;
				CLANG_WARN_INT_CONVERSION = YES;
				CLANG_WARN_OBJC_ROOT_CLASS = YES_ERROR;
				CLANG_WARN_UNREACHABLE_CODE = YES;
				CLANG_WARN__DUPLICATE_METHOD_MATCH = YES;
				"CODE_SIGN_IDENTITY[sdk=iphoneos*]" = "iPhone Developer";
				COPY_PHASE_STRIP = NO;
				DEBUG_INFORMATION_FORMAT = dwarf;
				ENABLE_STRICT_OBJC_MSGSEND = YES;
				ENABLE_TESTABILITY = YES;
				GCC_C_LANGUAGE_STANDARD = gnu99;
				GCC_DYNAMIC_NO_PIC = NO;
				GCC_NO_COMMON_BLOCKS = YES;
				GCC_OPTIMIZATION_LEVEL = 0;
				GCC_PREPROCESSOR_DEFINITIONS = (
					"DEBUG=1",
					"$(inherited)",
				);
				GCC_WARN_64_TO_32_BIT_CONVERSION = YES;
				GCC_WARN_ABOUT_RETURN_TYPE = YES_ERROR;
				GCC_WARN_UNDECLARED_SELECTOR = YES;
				GCC_WARN_UNINITIALIZED_AUTOS = YES_AGGRESSIVE;
				GCC_WARN_UNUSED_FUNCTION = YES;
				GCC_WARN_UNUSED_VARIABLE = YES;
				IPHONEOS_DEPLOYMENT_TARGET = 9.3;
				MTL_ENABLE_DEBUG_INFO = YES;
				ONLY_ACTIVE_ARCH = YES;
				SDKROOT = iphoneos;
				SWIFT_OPTIMIZATION_LEVEL = "-Onone";
			};
			name = Debug;
		};
		88FAEE051DBBF2DB00A7D584 /* Release */ = {
			isa = XCBuildConfiguration;
			buildSettings = {
				ALWAYS_SEARCH_USER_PATHS = NO;
				CLANG_ANALYZER_NONNULL = YES;
				CLANG_CXX_LANGUAGE_STANDARD = "gnu++0x";
				CLANG_CXX_LIBRARY = "libc++";
				CLANG_ENABLE_MODULES = YES;
				CLANG_ENABLE_OBJC_ARC = YES;
				CLANG_WARN_BOOL_CONVERSION = YES;
				CLANG_WARN_CONSTANT_CONVERSION = YES;
				CLANG_WARN_DIRECT_OBJC_ISA_USAGE = YES_ERROR;
				CLANG_WARN_EMPTY_BODY = YES;
				CLANG_WARN_ENUM_CONVERSION = YES;
				CLANG_WARN_INT_CONVERSION = YES;
				CLANG_WARN_OBJC_ROOT_CLASS = YES_ERROR;
				CLANG_WARN_UNREACHABLE_CODE = YES;
				CLANG_WARN__DUPLICATE_METHOD_MATCH = YES;
				"CODE_SIGN_IDENTITY[sdk=iphoneos*]" = "iPhone Developer";
				COPY_PHASE_STRIP = NO;
				DEBUG_INFORMATION_FORMAT = "dwarf-with-dsym";
				ENABLE_NS_ASSERTIONS = NO;
				ENABLE_STRICT_OBJC_MSGSEND = YES;
				GCC_C_LANGUAGE_STANDARD = gnu99;
				GCC_NO_COMMON_BLOCKS = YES;
				GCC_WARN_64_TO_32_BIT_CONVERSION = YES;
				GCC_WARN_ABOUT_RETURN_TYPE = YES_ERROR;
				GCC_WARN_UNDECLARED_SELECTOR = YES;
				GCC_WARN_UNINITIALIZED_AUTOS = YES_AGGRESSIVE;
				GCC_WARN_UNUSED_FUNCTION = YES;
				GCC_WARN_UNUSED_VARIABLE = YES;
				IPHONEOS_DEPLOYMENT_TARGET = 9.3;
				MTL_ENABLE_DEBUG_INFO = NO;
				SDKROOT = iphoneos;
				VALIDATE_PRODUCT = YES;
			};
			name = Release;
		};
		88FAEE071DBBF2DB00A7D584 /* Debug */ = {
			isa = XCBuildConfiguration;
			baseConfigurationReference = 8C481530E1E73C4D802C0558 /* Pods-McKinseyHACKS.debug.xcconfig */;
			buildSettings = {
				ASSETCATALOG_COMPILER_APPICON_NAME = AppIcon;
				INFOPLIST_FILE = McKinseyHACKS/Info.plist;
				LD_RUNPATH_SEARCH_PATHS = "$(inherited) @executable_path/Frameworks";
				PRODUCT_BUNDLE_IDENTIFIER = com.Jason.McKinseyHACKS;
				PRODUCT_NAME = "$(TARGET_NAME)";
			};
			name = Debug;
		};
		88FAEE081DBBF2DB00A7D584 /* Release */ = {
			isa = XCBuildConfiguration;
			baseConfigurationReference = 15BA20B320AB6BE7B2991694 /* Pods-McKinseyHACKS.release.xcconfig */;
			buildSettings = {
				ASSETCATALOG_COMPILER_APPICON_NAME = AppIcon;
				INFOPLIST_FILE = McKinseyHACKS/Info.plist;
				LD_RUNPATH_SEARCH_PATHS = "$(inherited) @executable_path/Frameworks";
				PRODUCT_BUNDLE_IDENTIFIER = com.Jason.McKinseyHACKS;
				PRODUCT_NAME = "$(TARGET_NAME)";
			};
			name = Release;
		};
/* End XCBuildConfiguration section */

/* Begin XCConfigurationList section */
		88FAEDEF1DBBF2DB00A7D584 /* Build configuration list for PBXProject "McKinseyHACKS" */ = {
			isa = XCConfigurationList;
			buildConfigurations = (
				88FAEE041DBBF2DB00A7D584 /* Debug */,
				88FAEE051DBBF2DB00A7D584 /* Release */,
			);
			defaultConfigurationIsVisible = 0;
			defaultConfigurationName = Release;
		};
		88FAEE061DBBF2DB00A7D584 /* Build configuration list for PBXNativeTarget "McKinseyHACKS" */ = {
			isa = XCConfigurationList;
			buildConfigurations = (
				88FAEE071DBBF2DB00A7D584 /* Debug */,
				88FAEE081DBBF2DB00A7D584 /* Release */,
			);
			defaultConfigurationIsVisible = 0;
			defaultConfigurationName = Release;
		};
/* End XCConfigurationList section */
	};
	rootObject = 88FAEDEC1DBBF2DB00A7D584 /* Project object */;
}
